{
  "object": {
    "pins": [
      {
        "package": "ThemeKit",
        "repositoryURL": "git@github.com:jacobawhitehead/ThemeKit.git",
        "state": {
          "branch": null,
          "revision": "519524d1d153cd3bec202d24b69cab8fdf2c6078",
          "version": "0.0.5"
        }
      }
    ]
  },
  "version": 1
}
