{
  "object": {
    "pins": [
      {
        "package": "ThemeKit",
        "repositoryURL": "git@github.com:jacobawhitehead/ThemeKit.git",
        "state": {
          "branch": null,
          "revision": "10b718f618f204e75b06a455bd07687a8fbb5d42",
          "version": "0.0.4"
        }
      }
    ]
  },
  "version": 1
}
